
Microsoft Visual Studio Solution File, Format Version 12.00
# Visual Studio Version 16
VisualStudioVersion = 16.0.32126.315
MinimumVisualStudioVersion = 10.0.40219.1
Project("{FAE04EC0-301F-11D3-BF4B-00C04F79EFBC}") = "ComicStore.Api", "ComicStore.Api.csproj", "{073E106B-2D23-4B8E-BF29-5D8A1C5BDCA4}"
EndProject
Project("{FAE04EC0-301F-11D3-BF4B-00C04F79EFBC}") = "ComicStore.Domain", "..\ComicStore.Domain\ComicStore.Domain.csproj", "{B1DF7A89-07EB-4EBA-9880-BBCFE3304463}"
EndProject
Project("{FAE04EC0-301F-11D3-BF4B-00C04F79EFBC}") = "ComicStore.Infrastructure", "..\ComicStore.Infrastructure\ComicStore.Infrastructure.csproj", "{05BC0613-5BD3-4AAA-B079-5CA78FAF2290}"
EndProject
Project("{FAE04EC0-301F-11D3-BF4B-00C04F79EFBC}") = "ComicStore.Services", "..\ComicStore.Services\ComicStore.Services.csproj", "{C4CC3C4D-2C6E-41E6-A10B-0AE6CD52CDBE}"
EndProject
Project("{FAE04EC0-301F-11D3-BF4B-00C04F79EFBC}") = "ComicStore.Application", "..\ComicStore.Application\ComicStore.Application.csproj", "{0126EAB8-3F9A-4112-9C23-B7E263DB8C1D}"
EndProject
Global
	GlobalSection(SolutionConfigurationPlatforms) = preSolution
		Debug|Any CPU = Debug|Any CPU
		Release|Any CPU = Release|Any CPU
	EndGlobalSection
	GlobalSection(ProjectConfigurationPlatforms) = postSolution
		{073E106B-2D23-4B8E-BF29-5D8A1C5BDCA4}.Debug|Any CPU.ActiveCfg = Debug|Any CPU
		{073E106B-2D23-4B8E-BF29-5D8A1C5BDCA4}.Debug|Any CPU.Build.0 = Debug|Any CPU
		{073E106B-2D23-4B8E-BF29-5D8A1C5BDCA4}.Release|Any CPU.ActiveCfg = Release|Any CPU
		{073E106B-2D23-4B8E-BF29-5D8A1C5BDCA4}.Release|Any CPU.Build.0 = Release|Any CPU
		{B1DF7A89-07EB-4EBA-9880-BBCFE3304463}.Debug|Any CPU.ActiveCfg = Debug|Any CPU
		{B1DF7A89-07EB-4EBA-9880-BBCFE3304463}.Debug|Any CPU.Build.0 = Debug|Any CPU
		{B1DF7A89-07EB-4EBA-9880-BBCFE3304463}.Release|Any CPU.ActiveCfg = Release|Any CPU
		{B1DF7A89-07EB-4EBA-9880-BBCFE3304463}.Release|Any CPU.Build.0 = Release|Any CPU
		{05BC0613-5BD3-4AAA-B079-5CA78FAF2290}.Debug|Any CPU.ActiveCfg = Debug|Any CPU
		{05BC0613-5BD3-4AAA-B079-5CA78FAF2290}.Debug|Any CPU.Build.0 = Debug|Any CPU
		{05BC0613-5BD3-4AAA-B079-5CA78FAF2290}.Release|Any CPU.ActiveCfg = Release|Any CPU
		{05BC0613-5BD3-4AAA-B079-5CA78FAF2290}.Release|Any CPU.Build.0 = Release|Any CPU
		{C4CC3C4D-2C6E-41E6-A10B-0AE6CD52CDBE}.Debug|Any CPU.ActiveCfg = Debug|Any CPU
		{C4CC3C4D-2C6E-41E6-A10B-0AE6CD52CDBE}.Debug|Any CPU.Build.0 = Debug|Any CPU
		{C4CC3C4D-2C6E-41E6-A10B-0AE6CD52CDBE}.Release|Any CPU.ActiveCfg = Release|Any CPU
		{C4CC3C4D-2C6E-41E6-A10B-0AE6CD52CDBE}.Release|Any CPU.Build.0 = Release|Any CPU
		{0126EAB8-3F9A-4112-9C23-B7E263DB8C1D}.Debug|Any CPU.ActiveCfg = Debug|Any CPU
		{0126EAB8-3F9A-4112-9C23-B7E263DB8C1D}.Debug|Any CPU.Build.0 = Debug|Any CPU
		{0126EAB8-3F9A-4112-9C23-B7E263DB8C1D}.Release|Any CPU.ActiveCfg = Release|Any CPU
		{0126EAB8-3F9A-4112-9C23-B7E263DB8C1D}.Release|Any CPU.Build.0 = Release|Any CPU
	EndGlobalSection
	GlobalSection(SolutionProperties) = preSolution
		HideSolutionNode = FALSE
	EndGlobalSection
	GlobalSection(ExtensibilityGlobals) = postSolution
		SolutionGuid = {A5AA6772-95FC-42D9-9DCD-3AFC2F226A2A}
	EndGlobalSection
EndGlobal
